// !$*UTF8*$!
{
	archiveVersion = 1;
	classes = {
	};
	objectVersion = 48;
	objects = {

/* Begin PBXBuildFile section */
		6CF408772086BC6B00676BA0 /* AppDelegate.swift in Sources */ = {isa = PBXBuildFile; fileRef = 6CF408762086BC6B00676BA0 /* AppDelegate.swift */; };
		6CF408792086BC6B00676BA0 /* ViewController.swift in Sources */ = {isa = PBXBuildFile; fileRef = 6CF408782086BC6B00676BA0 /* ViewController.swift */; };
		6CF4087C2086BC6B00676BA0 /* Main.storyboard in Resources */ = {isa = PBXBuildFile; fileRef = 6CF4087A2086BC6B00676BA0 /* Main.storyboard */; };
		6CF4087E2086BC6B00676BA0 /* Assets.xcassets in Resources */ = {isa = PBXBuildFile; fileRef = 6CF4087D2086BC6B00676BA0 /* Assets.xcassets */; };
		6CF408812086BC6B00676BA0 /* LaunchScreen.storyboard in Resources */ = {isa = PBXBuildFile; fileRef = 6CF4087F2086BC6B00676BA0 /* LaunchScreen.storyboard */; };
		6CF4088C2086BC6B00676BA0 /* AccountabilityBuddiesTests.swift in Sources */ = {isa = PBXBuildFile; fileRef = 6CF4088B2086BC6B00676BA0 /* AccountabilityBuddiesTests.swift */; };
		6CF408972086BC6B00676BA0 /* AccountabilityBuddiesUITests.swift in Sources */ = {isa = PBXBuildFile; fileRef = 6CF408962086BC6B00676BA0 /* AccountabilityBuddiesUITests.swift */; };
		9090F8522131492E00D864F5 /* thumb-up.png in Resources */ = {isa = PBXBuildFile; fileRef = 9090F8512131492E00D864F5 /* thumb-up.png */; };
/* End PBXBuildFile section */

/* Begin PBXContainerItemProxy section */
		6CF408882086BC6B00676BA0 /* PBXContainerItemProxy */ = {
			isa = PBXContainerItemProxy;
			containerPortal = 6CF4086B2086BC6B00676BA0 /* Project object */;
			proxyType = 1;
			remoteGlobalIDString = 6CF408722086BC6B00676BA0;
			remoteInfo = AccountabilityBuddies;
		};
		6CF408932086BC6B00676BA0 /* PBXContainerItemProxy */ = {
			isa = PBXContainerItemProxy;
			containerPortal = 6CF4086B2086BC6B00676BA0 /* Project object */;
			proxyType = 1;
			remoteGlobalIDString = 6CF408722086BC6B00676BA0;
			remoteInfo = AccountabilityBuddies;
		};
/* End PBXContainerItemProxy section */

/* Begin PBXFileReference section */
		6CF408732086BC6B00676BA0 /* AccountabilityBuddies.app */ = {isa = PBXFileReference; explicitFileType = wrapper.application; includeInIndex = 0; path = AccountabilityBuddies.app; sourceTree = BUILT_PRODUCTS_DIR; };
		6CF408762086BC6B00676BA0 /* AppDelegate.swift */ = {isa = PBXFileReference; lastKnownFileType = sourcecode.swift; path = AppDelegate.swift; sourceTree = "<group>"; };
		6CF408782086BC6B00676BA0 /* ViewController.swift */ = {isa = PBXFileReference; lastKnownFileType = sourcecode.swift; path = ViewController.swift; sourceTree = "<group>"; };
		6CF4087B2086BC6B00676BA0 /* Base */ = {isa = PBXFileReference; lastKnownFileType = file.storyboard; name = Base; path = Base.lproj/Main.storyboard; sourceTree = "<group>"; };
		6CF4087D2086BC6B00676BA0 /* Assets.xcassets */ = {isa = PBXFileReference; lastKnownFileType = folder.assetcatalog; path = Assets.xcassets; sourceTree = "<group>"; };
		6CF408802086BC6B00676BA0 /* Base */ = {isa = PBXFileReference; lastKnownFileType = file.storyboard; name = Base; path = Base.lproj/LaunchScreen.storyboard; sourceTree = "<group>"; };
		6CF408822086BC6B00676BA0 /* Info.plist */ = {isa = PBXFileReference; lastKnownFileType = text.plist.xml; path = Info.plist; sourceTree = "<group>"; };
		6CF408872086BC6B00676BA0 /* AccountabilityBuddiesTests.xctest */ = {isa = PBXFileReference; explicitFileType = wrapper.cfbundle; includeInIndex = 0; path = AccountabilityBuddiesTests.xctest; sourceTree = BUILT_PRODUCTS_DIR; };
		6CF4088B2086BC6B00676BA0 /* AccountabilityBuddiesTests.swift */ = {isa = PBXFileReference; lastKnownFileType = sourcecode.swift; path = AccountabilityBuddiesTests.swift; sourceTree = "<group>"; };
		6CF4088D2086BC6B00676BA0 /* Info.plist */ = {isa = PBXFileReference; lastKnownFileType = text.plist.xml; path = Info.plist; sourceTree = "<group>"; };
		6CF408922086BC6B00676BA0 /* AccountabilityBuddiesUITests.xctest */ = {isa = PBXFileReference; explicitFileType = wrapper.cfbundle; includeInIndex = 0; path = AccountabilityBuddiesUITests.xctest; sourceTree = BUILT_PRODUCTS_DIR; };
		6CF408962086BC6B00676BA0 /* AccountabilityBuddiesUITests.swift */ = {isa = PBXFileReference; lastKnownFileType = sourcecode.swift; path = AccountabilityBuddiesUITests.swift; sourceTree = "<group>"; };
		6CF408982086BC6B00676BA0 /* Info.plist */ = {isa = PBXFileReference; lastKnownFileType = text.plist.xml; path = Info.plist; sourceTree = "<group>"; };
		9090F8512131492E00D864F5 /* thumb-up.png */ = {isa = PBXFileReference; lastKnownFileType = image.png; name = "thumb-up.png"; path = "../thumb-up.png"; sourceTree = "<group>"; };
/* End PBXFileReference section */

/* Begin PBXFrameworksBuildPhase section */
		6CF408702086BC6B00676BA0 /* Frameworks */ = {
			isa = PBXFrameworksBuildPhase;
			buildActionMask = 2147483647;
			files = (
			);
			runOnlyForDeploymentPostprocessing = 0;
		};
		6CF408842086BC6B00676BA0 /* Frameworks */ = {
			isa = PBXFrameworksBuildPhase;
			buildActionMask = 2147483647;
			files = (
			);
			runOnlyForDeploymentPostprocessing = 0;
		};
		6CF4088F2086BC6B00676BA0 /* Frameworks */ = {
			isa = PBXFrameworksBuildPhase;
			buildActionMask = 2147483647;
			files = (
			);
			runOnlyForDeploymentPostprocessing = 0;
		};
/* End PBXFrameworksBuildPhase section */

/* Begin PBXGroup section */
		6CF4086A2086BC6B00676BA0 = {
			isa = PBXGroup;
			children = (
				9090F8512131492E00D864F5 /* thumb-up.png */,
				6CF408752086BC6B00676BA0 /* AccountabilityBuddies */,
				6CF4088A2086BC6B00676BA0 /* AccountabilityBuddiesTests */,
				6CF408952086BC6B00676BA0 /* AccountabilityBuddiesUITests */,
				6CF408742086BC6B00676BA0 /* Products */,
			);
			sourceTree = "<group>";
		};
		6CF408742086BC6B00676BA0 /* Products */ = {
			isa = PBXGroup;
			children = (
				6CF408732086BC6B00676BA0 /* AccountabilityBuddies.app */,
				6CF408872086BC6B00676BA0 /* AccountabilityBuddiesTests.xctest */,
				6CF408922086BC6B00676BA0 /* AccountabilityBuddiesUITests.xctest */,
			);
			name = Products;
			sourceTree = "<group>";
		};
		6CF408752086BC6B00676BA0 /* AccountabilityBuddies */ = {
			isa = PBXGroup;
			children = (
				6CF408762086BC6B00676BA0 /* AppDelegate.swift */,
				6CF408782086BC6B00676BA0 /* ViewController.swift */,
				6CF4087A2086BC6B00676BA0 /* Main.storyboard */,
				6CF4087D2086BC6B00676BA0 /* Assets.xcassets */,
				6CF4087F2086BC6B00676BA0 /* LaunchScreen.storyboard */,
				6CF408822086BC6B00676BA0 /* Info.plist */,
			);
			path = AccountabilityBuddies;
			sourceTree = "<group>";
		};
		6CF4088A2086BC6B00676BA0 /* AccountabilityBuddiesTests */ = {
			isa = PBXGroup;
			children = (
				6CF4088B2086BC6B00676BA0 /* AccountabilityBuddiesTests.swift */,
				6CF4088D2086BC6B00676BA0 /* Info.plist */,
			);
			path = AccountabilityBuddiesTests;
			sourceTree = "<group>";
		};
		6CF408952086BC6B00676BA0 /* AccountabilityBuddiesUITests */ = {
			isa = PBXGroup;
			children = (
				6CF408962086BC6B00676BA0 /* AccountabilityBuddiesUITests.swift */,
				6CF408982086BC6B00676BA0 /* Info.plist */,
			);
			path = AccountabilityBuddiesUITests;
			sourceTree = "<group>";
		};
/* End PBXGroup section */

/* Begin PBXNativeTarget section */
		6CF408722086BC6B00676BA0 /* AccountabilityBuddies */ = {
			isa = PBXNativeTarget;
			buildConfigurationList = 6CF4089B2086BC6B00676BA0 /* Build configuration list for PBXNativeTarget "AccountabilityBuddies" */;
			buildPhases = (
				6CF4086F2086BC6B00676BA0 /* Sources */,
				6CF408702086BC6B00676BA0 /* Frameworks */,
				6CF408712086BC6B00676BA0 /* Resources */,
			);
			buildRules = (
			);
			dependencies = (
			);
			name = AccountabilityBuddies;
			productName = AccountabilityBuddies;
			productReference = 6CF408732086BC6B00676BA0 /* AccountabilityBuddies.app */;
			productType = "com.apple.product-type.application";
		};
		6CF408862086BC6B00676BA0 /* AccountabilityBuddiesTests */ = {
			isa = PBXNativeTarget;
			buildConfigurationList = 6CF4089E2086BC6B00676BA0 /* Build configuration list for PBXNativeTarget "AccountabilityBuddiesTests" */;
			buildPhases = (
				6CF408832086BC6B00676BA0 /* Sources */,
				6CF408842086BC6B00676BA0 /* Frameworks */,
				6CF408852086BC6B00676BA0 /* Resources */,
			);
			buildRules = (
			);
			dependencies = (
				6CF408892086BC6B00676BA0 /* PBXTargetDependency */,
			);
			name = AccountabilityBuddiesTests;
			productName = AccountabilityBuddiesTests;
			productReference = 6CF408872086BC6B00676BA0 /* AccountabilityBuddiesTests.xctest */;
			productType = "com.apple.product-type.bundle.unit-test";
		};
		6CF408912086BC6B00676BA0 /* AccountabilityBuddiesUITests */ = {
			isa = PBXNativeTarget;
			buildConfigurationList = 6CF408A12086BC6B00676BA0 /* Build configuration list for PBXNativeTarget "AccountabilityBuddiesUITests" */;
			buildPhases = (
				6CF4088E2086BC6B00676BA0 /* Sources */,
				6CF4088F2086BC6B00676BA0 /* Frameworks */,
				6CF408902086BC6B00676BA0 /* Resources */,
			);
			buildRules = (
			);
			dependencies = (
				6CF408942086BC6B00676BA0 /* PBXTargetDependency */,
			);
			name = AccountabilityBuddiesUITests;
			productName = AccountabilityBuddiesUITests;
			productReference = 6CF408922086BC6B00676BA0 /* AccountabilityBuddiesUITests.xctest */;
			productType = "com.apple.product-type.bundle.ui-testing";
		};
/* End PBXNativeTarget section */

/* Begin PBXProject section */
		6CF4086B2086BC6B00676BA0 /* Project object */ = {
			isa = PBXProject;
			attributes = {
				LastSwiftUpdateCheck = 0920;
				LastUpgradeCheck = 0920;
				ORGANIZATIONNAME = michael;
				TargetAttributes = {
					6CF408722086BC6B00676BA0 = {
						CreatedOnToolsVersion = 9.2;
						ProvisioningStyle = Automatic;
					};
					6CF408862086BC6B00676BA0 = {
						CreatedOnToolsVersion = 9.2;
						ProvisioningStyle = Automatic;
						TestTargetID = 6CF408722086BC6B00676BA0;
					};
					6CF408912086BC6B00676BA0 = {
						CreatedOnToolsVersion = 9.2;
						ProvisioningStyle = Automatic;
						TestTargetID = 6CF408722086BC6B00676BA0;
					};
				};
			};
			buildConfigurationList = 6CF4086E2086BC6B00676BA0 /* Build configuration list for PBXProject "AccountabilityBuddies" */;
			compatibilityVersion = "Xcode 8.0";
			developmentRegion = en;
			hasScannedForEncodings = 0;
			knownRegions = (
				en,
				Base,
			);
			mainGroup = 6CF4086A2086BC6B00676BA0;
			productRefGroup = 6CF408742086BC6B00676BA0 /* Products */;
			projectDirPath = "";
			projectRoot = "";
			targets = (
				6CF408722086BC6B00676BA0 /* AccountabilityBuddies */,
				6CF408862086BC6B00676BA0 /* AccountabilityBuddiesTests */,
				6CF408912086BC6B00676BA0 /* AccountabilityBuddiesUITests */,
			);
		};
/* End PBXProject section */

/* Begin PBXResourcesBuildPhase section */
		6CF408712086BC6B00676BA0 /* Resources */ = {
			isa = PBXResourcesBuildPhase;
			buildActionMask = 2147483647;
			files = (
				6CF408812086BC6B00676BA0 /* LaunchScreen.storyboard in Resources */,
				9090F8522131492E00D864F5 /* thumb-up.png in Resources */,
				6CF4087E2086BC6B00676BA0 /* Assets.xcassets in Resources */,
				6CF4087C2086BC6B00676BA0 /* Main.storyboard in Resources */,
			);
			runOnlyForDeploymentPostprocessing = 0;
		};
		6CF408852086BC6B00676BA0 /* Resources */ = {
			isa = PBXResourcesBuildPhase;
			buildActionMask = 2147483647;
			files = (
			);
			runOnlyForDeploymentPostprocessing = 0;
		};
		6CF408902086BC6B00676BA0 /* Resources */ = {
			isa = PBXResourcesBuildPhase;
			buildActionMask = 2147483647;
			files = (
			);
			runOnlyForDeploymentPostprocessing = 0;
		};
/* End PBXResourcesBuildPhase section */

/* Begin PBXSourcesBuildPhase section */
		6CF4086F2086BC6B00676BA0 /* Sources */ = {
			isa = PBXSourcesBuildPhase;
			buildActionMask = 2147483647;
			files = (
				6CF408792086BC6B00676BA0 /* ViewController.swift in Sources */,
				6CF408772086BC6B00676BA0 /* AppDelegate.swift in Sources */,
			);
			runOnlyForDeploymentPostprocessing = 0;
		};
		6CF408832086BC6B00676BA0 /* Sources */ = {
			isa = PBXSourcesBuildPhase;
			buildActionMask = 2147483647;
			files = (
				6CF4088C2086BC6B00676BA0 /* AccountabilityBuddiesTests.swift in Sources */,
			);
			runOnlyForDeploymentPostprocessing = 0;
		};
		6CF4088E2086BC6B00676BA0 /* Sources */ = {
			isa = PBXSourcesBuildPhase;
			buildActionMask = 2147483647;
			files = (
				6CF408972086BC6B00676BA0 /* AccountabilityBuddiesUITests.swift in Sources */,
			);
			runOnlyForDeploymentPostprocessing = 0;
		};
/* End PBXSourcesBuildPhase section */

/* Begin PBXTargetDependency section */
		6CF408892086BC6B00676BA0 /* PBXTargetDependency */ = {
			isa = PBXTargetDependency;
			target = 6CF408722086BC6B00676BA0 /* AccountabilityBuddies */;
			targetProxy = 6CF408882086BC6B00676BA0 /* PBXContainerItemProxy */;
		};
		6CF408942086BC6B00676BA0 /* PBXTargetDependency */ = {
			isa = PBXTargetDependency;
			target = 6CF408722086BC6B00676BA0 /* AccountabilityBuddies */;
			targetProxy = 6CF408932086BC6B00676BA0 /* PBXContainerItemProxy */;
		};
/* End PBXTargetDependency section */

/* Begin PBXVariantGroup section */
		6CF4087A2086BC6B00676BA0 /* Main.storyboard */ = {
			isa = PBXVariantGroup;
			children = (
				6CF4087B2086BC6B00676BA0 /* Base */,
			);
			name = Main.storyboard;
			sourceTree = "<group>";
		};
		6CF4087F2086BC6B00676BA0 /* LaunchScreen.storyboard */ = {
			isa = PBXVariantGroup;
			children = (
				6CF408802086BC6B00676BA0 /* Base */,
			);
			name = LaunchScreen.storyboard;
			sourceTree = "<group>";
		};
/* End PBXVariantGroup section */

/* Begin XCBuildConfiguration section */
		6CF408992086BC6B00676BA0 /* Debug */ = {
			isa = XCBuildConfiguration;
			buildSettings = {
				ALWAYS_SEARCH_USER_PATHS = NO;
				CLANG_ANALYZER_NONNULL = YES;
				CLANG_ANALYZER_NUMBER_OBJECT_CONVERSION = YES_AGGRESSIVE;
				CLANG_CXX_LANGUAGE_STANDARD = "gnu++14";
				CLANG_CXX_LIBRARY = "libc++";
				CLANG_ENABLE_MODULES = YES;
				CLANG_ENABLE_OBJC_ARC = YES;
				CLANG_WARN_BLOCK_CAPTURE_AUTORELEASING = YES;
				CLANG_WARN_BOOL_CONVERSION = YES;
				CLANG_WARN_COMMA = YES;
				CLANG_WARN_CONSTANT_CONVERSION = YES;
				CLANG_WARN_DIRECT_OBJC_ISA_USAGE = YES_ERROR;
				CLANG_WARN_DOCUMENTATION_COMMENTS = YES;
				CLANG_WARN_EMPTY_BODY = YES;
				CLANG_WARN_ENUM_CONVERSION = YES;
				CLANG_WARN_INFINITE_RECURSION = YES;
				CLANG_WARN_INT_CONVERSION = YES;
				CLANG_WARN_NON_LITERAL_NULL_CONVERSION = YES;
				CLANG_WARN_OBJC_LITERAL_CONVERSION = YES;
				CLANG_WARN_OBJC_ROOT_CLASS = YES_ERROR;
				CLANG_WARN_RANGE_LOOP_ANALYSIS = YES;
				CLANG_WARN_STRICT_PROTOTYPES = YES;
				CLANG_WARN_SUSPICIOUS_MOVE = YES;
				CLANG_WARN_UNGUARDED_AVAILABILITY = YES_AGGRESSIVE;
				CLANG_WARN_UNREACHABLE_CODE = YES;
				CLANG_WARN__DUPLICATE_METHOD_MATCH = YES;
				CODE_SIGN_IDENTITY = "iPhone Developer";
				COPY_PHASE_STRIP = NO;
				DEBUG_INFORMATION_FORMAT = dwarf;
				ENABLE_STRICT_OBJC_MSGSEND = YES;
				ENABLE_TESTABILITY = YES;
				GCC_C_LANGUAGE_STANDARD = gnu11;
				GCC_DYNAMIC_NO_PIC = NO;
				GCC_NO_COMMON_BLOCKS = YES;
				GCC_OPTIMIZATION_LEVEL = 0;
				GCC_PREPROCESSOR_DEFINITIONS = (
					"DEBUG=1",
					"$(inherited)",
				);
				GCC_WARN_64_TO_32_BIT_CONVERSION = YES;
				GCC_WARN_ABOUT_RETURN_TYPE = YES_ERROR;
				GCC_WARN_UNDECLARED_SELECTOR = YES;
				GCC_WARN_UNINITIALIZED_AUTOS = YES_AGGRESSIVE;
				GCC_WARN_UNUSED_FUNCTION = YES;
				GCC_WARN_UNUSED_VARIABLE = YES;
				IPHONEOS_DEPLOYMENT_TARGET = 11.2;
				MTL_ENABLE_DEBUG_INFO = YES;
				ONLY_ACTIVE_ARCH = YES;
				SDKROOT = iphoneos;
				SWIFT_ACTIVE_COMPILATION_CONDITIONS = DEBUG;
				SWIFT_OPTIMIZATION_LEVEL = "-Onone";
			};
			name = Debug;
		};
		6CF4089A2086BC6B00676BA0 /* Release */ = {
			isa = XCBuildConfiguration;
			buildSettings = {
				ALWAYS_SEARCH_USER_PATHS = NO;
				CLANG_ANALYZER_NONNULL = YES;
				CLANG_ANALYZER_NUMBER_OBJECT_CONVERSION = YES_AGGRESSIVE;
				CLANG_CXX_LANGUAGE_STANDARD = "gnu++14";
				CLANG_CXX_LIBRARY = "libc++";
				CLANG_ENABLE_MODULES = YES;
				CLANG_ENABLE_OBJC_ARC = YES;
				CLANG_WARN_BLOCK_CAPTURE_AUTORELEASING = YES;
				CLANG_WARN_BOOL_CONVERSION = YES;
				CLANG_WARN_COMMA = YES;
				CLANG_WARN_CONSTANT_CONVERSION = YES;
				CLANG_WARN_DIRECT_OBJC_ISA_USAGE = YES_ERROR;
				CLANG_WARN_DOCUMENTATION_COMMENTS = YES;
				CLANG_WARN_EMPTY_BODY = YES;
				CLANG_WARN_ENUM_CONVERSION = YES;
				CLANG_WARN_INFINITE_RECURSION = YES;
				CLANG_WARN_INT_CONVERSION = YES;
				CLANG_WARN_NON_LITERAL_NULL_CONVERSION = YES;
				CLANG_WARN_OBJC_LITERAL_CONVERSION = YES;
				CLANG_WARN_OBJC_ROOT_CLASS = YES_ERROR;
				CLANG_WARN_RANGE_LOOP_ANALYSIS = YES;
				CLANG_WARN_STRICT_PROTOTYPES = YES;
				CLANG_WARN_SUSPICIOUS_MOVE = YES;
				CLANG_WARN_UNGUARDED_AVAILABILITY = YES_AGGRESSIVE;
				CLANG_WARN_UNREACHABLE_CODE = YES;
				CLANG_WARN__DUPLICATE_METHOD_MATCH = YES;
				CODE_SIGN_IDENTITY = "iPhone Developer";
				COPY_PHASE_STRIP = NO;
				DEBUG_INFORMATION_FORMAT = "dwarf-with-dsym";
				ENABLE_NS_ASSERTIONS = NO;
				ENABLE_STRICT_OBJC_MSGSEND = YES;
				GCC_C_LANGUAGE_STANDARD = gnu11;
				GCC_NO_COMMON_BLOCKS = YES;
				GCC_WARN_64_TO_32_BIT_CONVERSION = YES;
				GCC_WARN_ABOUT_RETURN_TYPE = YES_ERROR;
				GCC_WARN_UNDECLARED_SELECTOR = YES;
				GCC_WARN_UNINITIALIZED_AUTOS = YES_AGGRESSIVE;
				GCC_WARN_UNUSED_FUNCTION = YES;
				GCC_WARN_UNUSED_VARIABLE = YES;
				IPHONEOS_DEPLOYMENT_TARGET = 11.2;
				MTL_ENABLE_DEBUG_INFO = NO;
				SDKROOT = iphoneos;
				SWIFT_OPTIMIZATION_LEVEL = "-Owholemodule";
				VALIDATE_PRODUCT = YES;
			};
			name = Release;
		};
		6CF4089C2086BC6B00676BA0 /* Debug */ = {
			isa = XCBuildConfiguration;
			buildSettings = {
				ASSETCATALOG_COMPILER_APPICON_NAME = AppIcon;
				CODE_SIGN_STYLE = Automatic;
				INFOPLIST_FILE = AccountabilityBuddies/Info.plist;
				LD_RUNPATH_SEARCH_PATHS = "$(inherited) @executable_path/Frameworks";
				PRODUCT_BUNDLE_IDENTIFIER = michael.AccountabilityBuddies;
				PRODUCT_NAME = "$(TARGET_NAME)";
				SWIFT_VERSION = 4.0;
				TARGETED_DEVICE_FAMILY = "1,2";
			};
			name = Debug;
		};
		6CF4089D2086BC6B00676BA0 /* Release */ = {
			isa = XCBuildConfiguration;
			buildSettings = {
				ASSETCATALOG_COMPILER_APPICON_NAME = AppIcon;
				CODE_SIGN_STYLE = Automatic;
				INFOPLIST_FILE = AccountabilityBuddies/Info.plist;
				LD_RUNPATH_SEARCH_PATHS = "$(inherited) @executable_path/Frameworks";
				PRODUCT_BUNDLE_IDENTIFIER = michael.AccountabilityBuddies;
				PRODUCT_NAME = "$(TARGET_NAME)";
				SWIFT_VERSION = 4.0;
				TARGETED_DEVICE_FAMILY = "1,2";
			};
			name = Release;
		};
		6CF4089F2086BC6B00676BA0 /* Debug */ = {
			isa = XCBuildConfiguration;
			buildSettings = {
				ALWAYS_EMBED_SWIFT_STANDARD_LIBRARIES = YES;
				BUNDLE_LOADER = "$(TEST_HOST)";
				CODE_SIGN_STYLE = Automatic;
				INFOPLIST_FILE = AccountabilityBuddiesTests/Info.plist;
				LD_RUNPATH_SEARCH_PATHS = "$(inherited) @executable_path/Frameworks @loader_path/Frameworks";
				PRODUCT_BUNDLE_IDENTIFIER = michael.AccountabilityBuddiesTests;
				PRODUCT_NAME = "$(TARGET_NAME)";
				SWIFT_VERSION = 4.0;
				TARGETED_DEVICE_FAMILY = "1,2";
				TEST_HOST = "$(BUILT_PRODUCTS_DIR)/AccountabilityBuddies.app/AccountabilityBuddies";
			};
			name = Debug;
		};
		6CF408A02086BC6B00676BA0 /* Release */ = {
			isa = XCBuildConfiguration;
			buildSettings = {
				ALWAYS_EMBED_SWIFT_STANDARD_LIBRARIES = YES;
				BUNDLE_LOADER = "$(TEST_HOST)";
				CODE_SIGN_STYLE = Automatic;
				INFOPLIST_FILE = AccountabilityBuddiesTests/Info.plist;
				LD_RUNPATH_SEARCH_PATHS = "$(inherited) @executable_path/Frameworks @loader_path/Frameworks";
				PRODUCT_BUNDLE_IDENTIFIER = michael.AccountabilityBuddiesTests;
				PRODUCT_NAME = "$(TARGET_NAME)";
				SWIFT_VERSION = 4.0;
				TARGETED_DEVICE_FAMILY = "1,2";
				TEST_HOST = "$(BUILT_PRODUCTS_DIR)/AccountabilityBuddies.app/AccountabilityBuddies";
			};
			name = Release;
		};
		6CF408A22086BC6B00676BA0 /* Debug */ = {
			isa = XCBuildConfiguration;
			buildSettings = {
				ALWAYS_EMBED_SWIFT_STANDARD_LIBRARIES = YES;
				CODE_SIGN_STYLE = Automatic;
				INFOPLIST_FILE = AccountabilityBuddiesUITests/Info.plist;
				LD_RUNPATH_SEARCH_PATHS = "$(inherited) @executable_path/Frameworks @loader_path/Frameworks";
				PRODUCT_BUNDLE_IDENTIFIER = michael.AccountabilityBuddiesUITests;
				PRODUCT_NAME = "$(TARGET_NAME)";
				SWIFT_VERSION = 4.0;
				TARGETED_DEVICE_FAMILY = "1,2";
				TEST_TARGET_NAME = AccountabilityBuddies;
			};
			name = Debug;
		};
		6CF408A32086BC6B00676BA0 /* Release */ = {
			isa = XCBuildConfiguration;
			buildSettings = {
				ALWAYS_EMBED_SWIFT_STANDARD_LIBRARIES = YES;
				CODE_SIGN_STYLE = Automatic;
				INFOPLIST_FILE = AccountabilityBuddiesUITests/Info.plist;
				LD_RUNPATH_SEARCH_PATHS = "$(inherited) @executable_path/Frameworks @loader_path/Frameworks";
				PRODUCT_BUNDLE_IDENTIFIER = michael.AccountabilityBuddiesUITests;
				PRODUCT_NAME = "$(TARGET_NAME)";
				SWIFT_VERSION = 4.0;
				TARGETED_DEVICE_FAMILY = "1,2";
				TEST_TARGET_NAME = AccountabilityBuddies;
			};
			name = Release;
		};
/* End XCBuildConfiguration section */

/* Begin XCConfigurationList section */
		6CF4086E2086BC6B00676BA0 /* Build configuration list for PBXProject "AccountabilityBuddies" */ = {
			isa = XCConfigurationList;
			buildConfigurations = (
				6CF408992086BC6B00676BA0 /* Debug */,
				6CF4089A2086BC6B00676BA0 /* Release */,
			);
			defaultConfigurationIsVisible = 0;
			defaultConfigurationName = Release;
		};
		6CF4089B2086BC6B00676BA0 /* Build configuration list for PBXNativeTarget "AccountabilityBuddies" */ = {
			isa = XCConfigurationList;
			buildConfigurations = (
				6CF4089C2086BC6B00676BA0 /* Debug */,
				6CF4089D2086BC6B00676BA0 /* Release */,
			);
			defaultConfigurationIsVisible = 0;
			defaultConfigurationName = Release;
		};
		6CF4089E2086BC6B00676BA0 /* Build configuration list for PBXNativeTarget "AccountabilityBuddiesTests" */ = {
			isa = XCConfigurationList;
			buildConfigurations = (
				6CF4089F2086BC6B00676BA0 /* Debug */,
				6CF408A02086BC6B00676BA0 /* Release */,
			);
			defaultConfigurationIsVisible = 0;
			defaultConfigurationName = Release;
		};
		6CF408A12086BC6B00676BA0 /* Build configuration list for PBXNativeTarget "AccountabilityBuddiesUITests" */ = {
			isa = XCConfigurationList;
			buildConfigurations = (
				6CF408A22086BC6B00676BA0 /* Debug */,
				6CF408A32086BC6B00676BA0 /* Release */,
			);
			defaultConfigurationIsVisible = 0;
			defaultConfigurationName = Release;
		};
/* End XCConfigurationList section */
	};
	rootObject = 6CF4086B2086BC6B00676BA0 /* Project object */;
}
